
Microsoft Visual Studio Solution File, Format Version 12.00
# Visual Studio Version 17
VisualStudioVersion = 17.9.34902.65
MinimumVisualStudioVersion = 10.0.40219.1
Project("{9A19103F-16F7-4668-BE54-9A1E7A4F7556}") = "ClinicaMedica", "PrimerForm\ClinicaMedica.csproj", "{7B581CF6-CFB5-49E4-A422-59E0050911EF}"
EndProject
Project("{9A19103F-16F7-4668-BE54-9A1E7A4F7556}") = "ClinicaMedicaLib", "ClinicaMedicaLib\ClinicaMedicaLib.csproj", "{B82A1F6A-27F6-4041-AEDB-3126D65EE47D}"
EndProject
Project("{9A19103F-16F7-4668-BE54-9A1E7A4F7556}") = "ClinicasMedicasDao", "CLinicasMedicasDao\ClinicasMedicasDao.csproj", "{D6EEA55C-15B6-447F-A325-BC810E13E810}"
EndProject
Project("{54435603-DBB4-11D2-8724-00A0C9A8B90C}") = "ClinicasMedicasSetup", "ClinicasMedicasSetup\ClinicasMedicasSetup.vdproj", "{53CCF7B4-EBBE-4064-BEDF-43BBC0703441}"
EndProject
Global
	GlobalSection(SolutionConfigurationPlatforms) = preSolution
		Debug|Any CPU = Debug|Any CPU
		Release|Any CPU = Release|Any CPU
	EndGlobalSection
	GlobalSection(ProjectConfigurationPlatforms) = postSolution
		{7B581CF6-CFB5-49E4-A422-59E0050911EF}.Debug|Any CPU.ActiveCfg = Debug|Any CPU
		{7B581CF6-CFB5-49E4-A422-59E0050911EF}.Debug|Any CPU.Build.0 = Debug|Any CPU
		{7B581CF6-CFB5-49E4-A422-59E0050911EF}.Release|Any CPU.ActiveCfg = Release|Any CPU
		{7B581CF6-CFB5-49E4-A422-59E0050911EF}.Release|Any CPU.Build.0 = Release|Any CPU
		{B82A1F6A-27F6-4041-AEDB-3126D65EE47D}.Debug|Any CPU.ActiveCfg = Debug|Any CPU
		{B82A1F6A-27F6-4041-AEDB-3126D65EE47D}.Debug|Any CPU.Build.0 = Debug|Any CPU
		{B82A1F6A-27F6-4041-AEDB-3126D65EE47D}.Release|Any CPU.ActiveCfg = Release|Any CPU
		{B82A1F6A-27F6-4041-AEDB-3126D65EE47D}.Release|Any CPU.Build.0 = Release|Any CPU
		{D6EEA55C-15B6-447F-A325-BC810E13E810}.Debug|Any CPU.ActiveCfg = Debug|Any CPU
		{D6EEA55C-15B6-447F-A325-BC810E13E810}.Debug|Any CPU.Build.0 = Debug|Any CPU
		{D6EEA55C-15B6-447F-A325-BC810E13E810}.Release|Any CPU.ActiveCfg = Release|Any CPU
		{D6EEA55C-15B6-447F-A325-BC810E13E810}.Release|Any CPU.Build.0 = Release|Any CPU
		{53CCF7B4-EBBE-4064-BEDF-43BBC0703441}.Debug|Any CPU.ActiveCfg = Debug
		{53CCF7B4-EBBE-4064-BEDF-43BBC0703441}.Release|Any CPU.ActiveCfg = Release
	EndGlobalSection
	GlobalSection(SolutionProperties) = preSolution
		HideSolutionNode = FALSE
	EndGlobalSection
	GlobalSection(ExtensibilityGlobals) = postSolution
		SolutionGuid = {064AC98B-841A-43A0-A9C1-6496185ED8C1}
	EndGlobalSection
EndGlobal
